{
    "name": "node-red-contrib-s7",
    "version": "1.6.1",
    "lockfileVersion": 1,
    "requires": true,
    "dependencies": {
        "nodes7": {
            "version": "0.3.4",
            "resolved": "https://registry.npmjs.org/nodes7/-/nodes7-0.3.4.tgz",
            "integrity": "sha512-GKMxeHTay2qxUFUnJHGozqxWYkr5CZYsUM+2GNsy5z4jChX40gAMpcHOpVKibJU8HjCdhyfgcVcGgA//gUJs5Q=="
        }
    }
}
