{
    "name": "node-red-contrib-s7",
    "version": "1.5.1",
    "lockfileVersion": 1,
    "requires": true,
    "dependencies": {
        "nodes7": {
            "version": "0.3.1",
            "resolved": "https://registry.npmjs.org/nodes7/-/nodes7-0.3.1.tgz",
            "integrity": "sha512-0QifwwpOQOT++O8lfPMq5fNlf1DRvSoqx5g6eE/QnBD9DJu0vY/gfd7oLZ+4T85mvTg8f9ZQQP5PjsPdZlk40g=="
        }
    }
}
