{
    "name": "node-red-contrib-s7",
    "version": "1.5.3",
    "lockfileVersion": 1,
    "requires": true,
    "dependencies": {
        "nodes7": {
            "version": "0.3.2",
            "resolved": "https://registry.npmjs.org/nodes7/-/nodes7-0.3.2.tgz",
            "integrity": "sha512-ICe2KAO2vj9O8fWeBRR41fb86lPOn5AWZC0hb2yi3Dw+gKLpx+NUbYDOnndZUQ97FMgIFfSGyUVZqxKEA8wSjw=="
        }
    }
}
